
Microsoft Visual Studio Solution File, Format Version 12.00
# Visual Studio Version 17
VisualStudioVersion = 17.0.31903.59
MinimumVisualStudioVersion = 10.0.40219.1
Project("{FAE04EC0-301F-11D3-BF4B-00C04F79EFBC}") = "Stocked.Api", "Stocked.Api.csproj", "{BC1DE97B-19EE-4612-B07E-DD72939F4D9F}"
EndProject
Project("{FAE04EC0-301F-11D3-BF4B-00C04F79EFBC}") = "Stocked.Api.Tests", "Stocked.Api.Tests\Stocked.Api.Tests.csproj", "{2272313C-1452-4401-A3AA-4D3EDEDBE174}"
EndProject
Global
	GlobalSection(SolutionConfigurationPlatforms) = preSolution
		Debug|Any CPU = Debug|Any CPU
		Release|Any CPU = Release|Any CPU
	EndGlobalSection
	GlobalSection(SolutionProperties) = preSolution
		HideSolutionNode = FALSE
	EndGlobalSection
	GlobalSection(ProjectConfigurationPlatforms) = postSolution
		{BC1DE97B-19EE-4612-B07E-DD72939F4D9F}.Debug|Any CPU.ActiveCfg = Debug|Any CPU
		{BC1DE97B-19EE-4612-B07E-DD72939F4D9F}.Debug|Any CPU.Build.0 = Debug|Any CPU
		{BC1DE97B-19EE-4612-B07E-DD72939F4D9F}.Release|Any CPU.ActiveCfg = Release|Any CPU
		{BC1DE97B-19EE-4612-B07E-DD72939F4D9F}.Release|Any CPU.Build.0 = Release|Any CPU
		{2272313C-1452-4401-A3AA-4D3EDEDBE174}.Debug|Any CPU.ActiveCfg = Debug|Any CPU
		{2272313C-1452-4401-A3AA-4D3EDEDBE174}.Debug|Any CPU.Build.0 = Debug|Any CPU
		{2272313C-1452-4401-A3AA-4D3EDEDBE174}.Release|Any CPU.ActiveCfg = Release|Any CPU
		{2272313C-1452-4401-A3AA-4D3EDEDBE174}.Release|Any CPU.Build.0 = Release|Any CPU
	EndGlobalSection
EndGlobal
